
Microsoft Visual Studio Solution File, Format Version 12.00
# Visual Studio Version 17
VisualStudioVersion = 17.11.35303.130
MinimumVisualStudioVersion = 10.0.40219.1
Project("{FAE04EC0-301F-11D3-BF4B-00C04F79EFBC}") = "UserApi", "UserApi\UserApi.csproj", "{B54B2619-C5AA-491C-BB34-D28F569F04D2}"
EndProject
Project("{2150E333-8FDC-42A3-9474-1A3956D46DE8}") = "Solution Items", "Solution Items", "{78E92250-B252-4712-AE4B-422395F0E280}"
	ProjectSection(SolutionItems) = preProject
		.editorconfig = .editorconfig
		.gitignore = .gitignore
	EndProjectSection
EndProject
Global
	GlobalSection(SolutionConfigurationPlatforms) = preSolution
		Debug|Any CPU = Debug|Any CPU
		Release|Any CPU = Release|Any CPU
	EndGlobalSection
	GlobalSection(ProjectConfigurationPlatforms) = postSolution
		{B54B2619-C5AA-491C-BB34-D28F569F04D2}.Debug|Any CPU.ActiveCfg = Debug|Any CPU
		{B54B2619-C5AA-491C-BB34-D28F569F04D2}.Debug|Any CPU.Build.0 = Debug|Any CPU
		{B54B2619-C5AA-491C-BB34-D28F569F04D2}.Release|Any CPU.ActiveCfg = Release|Any CPU
		{B54B2619-C5AA-491C-BB34-D28F569F04D2}.Release|Any CPU.Build.0 = Release|Any CPU
	EndGlobalSection
	GlobalSection(SolutionProperties) = preSolution
		HideSolutionNode = FALSE
	EndGlobalSection
	GlobalSection(ExtensibilityGlobals) = postSolution
		SolutionGuid = {4B5E2C3E-4C27-4E71-B4F6-36C12D0AFD4E}
	EndGlobalSection
EndGlobal
